
Microsoft Visual Studio Solution File, Format Version 12.00
# Visual Studio Version 17
VisualStudioVersion = 17.2.32526.322
MinimumVisualStudioVersion = 10.0.40219.1
Project("{FAE04EC0-301F-11D3-BF4B-00C04F79EFBC}") = "YoutubePlaylistDownloader", "YoutubePlaylistDownloader\YoutubePlaylistDownloader.csproj", "{2735C86A-F491-4CAC-9498-DF059F374D3E}"
EndProject
Global
	GlobalSection(SolutionConfigurationPlatforms) = preSolution
		Debug|Any CPU = Debug|Any CPU
		Release|Any CPU = Release|Any CPU
	EndGlobalSection
	GlobalSection(ProjectConfigurationPlatforms) = postSolution
		{2735C86A-F491-4CAC-9498-DF059F374D3E}.Debug|Any CPU.ActiveCfg = Debug|Any CPU
		{2735C86A-F491-4CAC-9498-DF059F374D3E}.Debug|Any CPU.Build.0 = Debug|Any CPU
		{2735C86A-F491-4CAC-9498-DF059F374D3E}.Release|Any CPU.ActiveCfg = Release|Any CPU
		{2735C86A-F491-4CAC-9498-DF059F374D3E}.Release|Any CPU.Build.0 = Release|Any CPU
	EndGlobalSection
	GlobalSection(SolutionProperties) = preSolution
		HideSolutionNode = FALSE
	EndGlobalSection
	GlobalSection(ExtensibilityGlobals) = postSolution
		SolutionGuid = {522F65A3-B75C-4FB4-AC8D-FF69AEE51C67}
	EndGlobalSection
EndGlobal
